
Microsoft Visual Studio Solution File, Format Version 12.00
# Visual Studio Version 17
VisualStudioVersion = 17.14.36518.9
MinimumVisualStudioVersion = 10.0.40219.1
Project("{2150E333-8FDC-42A3-9474-1A3956D46DE8}") = "Task0", "Task0", "{02EA681E-C7D8-13C7-8484-4AC65E1B71E8}"
EndProject
Project("{FAE04EC0-301F-11D3-BF4B-00C04F79EFBC}") = "Tyuiu.KhisamutdinovaPR.Sprint4.Task0.V3", "Tyuiu.KhisamutdinovaPR.Sprint4.Task0.V3\Tyuiu.KhisamutdinovaPR.Sprint4.Task0.V3.csproj", "{F41EF4E1-63C0-4B55-B0C7-78BE3C228902}"
EndProject
Project("{FAE04EC0-301F-11D3-BF4B-00C04F79EFBC}") = "Tyuiu.KhisamutdinovaPR.Sprint4.Task0.V3.Test", "Tyuiu.KhisamutdinovaPR.Sprint4.Task0.V3.Test\Tyuiu.KhisamutdinovaPR.Sprint4.Task0.V3.Test.csproj", "{F148E288-4090-4A0B-810F-8C5655C5F10F}"
EndProject
Project("{FAE04EC0-301F-11D3-BF4B-00C04F79EFBC}") = "Tyuiu.KhisamutdinovaPR.Sprint4.Task0.V3.Lib", "Tyuiu.KhisamutdinovaPR.Sprint4.Task0.V3.Lib\Tyuiu.KhisamutdinovaPR.Sprint4.Task0.V3.Lib.csproj", "{858E56CC-FED9-4425-87F4-54E2547C31CB}"
EndProject
Project("{2150E333-8FDC-42A3-9474-1A3956D46DE8}") = "Task1", "Task1", "{F25CD2B0-64CB-490C-BAC3-E1B0759D7901}"
EndProject
Project("{FAE04EC0-301F-11D3-BF4B-00C04F79EFBC}") = "Tyuiu.KhisamutdinovaPR.Sprint4.Task1.V16", "Tyuiu.KhisamutdinovaPR.Sprint4.Task1.V16\Tyuiu.KhisamutdinovaPR.Sprint4.Task1.V16.csproj", "{05ACB1C5-AD1C-4243-9502-9A363DD88010}"
EndProject
Project("{FAE04EC0-301F-11D3-BF4B-00C04F79EFBC}") = "Tyuiu.KhisamutdinovaPR.Sprint4.Task1.V16.Lib", "Tyuiu.KhisamutdinovaPR.Sprint4.Task1.V16.Lib\Tyuiu.KhisamutdinovaPR.Sprint4.Task1.V16.Lib.csproj", "{ED3261FD-EE59-4612-9BA5-53E675765344}"
EndProject
Project("{FAE04EC0-301F-11D3-BF4B-00C04F79EFBC}") = "Tyuiu.KhisamutdinovaPR.Sprint4.Task1.V16.Test", "Tyuiu.KhisamutdinovaPR.Sprint4.Task1.V16.Test\Tyuiu.KhisamutdinovaPR.Sprint4.Task1.V16.Test.csproj", "{B79C321D-B829-46DE-A2FE-EF0260672A02}"
EndProject
Global
	GlobalSection(SolutionConfigurationPlatforms) = preSolution
		Debug|Any CPU = Debug|Any CPU
		Release|Any CPU = Release|Any CPU
	EndGlobalSection
	GlobalSection(ProjectConfigurationPlatforms) = postSolution
		{F41EF4E1-63C0-4B55-B0C7-78BE3C228902}.Debug|Any CPU.ActiveCfg = Debug|Any CPU
		{F41EF4E1-63C0-4B55-B0C7-78BE3C228902}.Debug|Any CPU.Build.0 = Debug|Any CPU
		{F41EF4E1-63C0-4B55-B0C7-78BE3C228902}.Release|Any CPU.ActiveCfg = Release|Any CPU
		{F41EF4E1-63C0-4B55-B0C7-78BE3C228902}.Release|Any CPU.Build.0 = Release|Any CPU
		{F148E288-4090-4A0B-810F-8C5655C5F10F}.Debug|Any CPU.ActiveCfg = Debug|Any CPU
		{F148E288-4090-4A0B-810F-8C5655C5F10F}.Debug|Any CPU.Build.0 = Debug|Any CPU
		{F148E288-4090-4A0B-810F-8C5655C5F10F}.Release|Any CPU.ActiveCfg = Release|Any CPU
		{F148E288-4090-4A0B-810F-8C5655C5F10F}.Release|Any CPU.Build.0 = Release|Any CPU
		{858E56CC-FED9-4425-87F4-54E2547C31CB}.Debug|Any CPU.ActiveCfg = Debug|Any CPU
		{858E56CC-FED9-4425-87F4-54E2547C31CB}.Debug|Any CPU.Build.0 = Debug|Any CPU
		{858E56CC-FED9-4425-87F4-54E2547C31CB}.Release|Any CPU.ActiveCfg = Release|Any CPU
		{858E56CC-FED9-4425-87F4-54E2547C31CB}.Release|Any CPU.Build.0 = Release|Any CPU
		{05ACB1C5-AD1C-4243-9502-9A363DD88010}.Debug|Any CPU.ActiveCfg = Debug|Any CPU
		{05ACB1C5-AD1C-4243-9502-9A363DD88010}.Debug|Any CPU.Build.0 = Debug|Any CPU
		{05ACB1C5-AD1C-4243-9502-9A363DD88010}.Release|Any CPU.ActiveCfg = Release|Any CPU
		{05ACB1C5-AD1C-4243-9502-9A363DD88010}.Release|Any CPU.Build.0 = Release|Any CPU
		{ED3261FD-EE59-4612-9BA5-53E675765344}.Debug|Any CPU.ActiveCfg = Debug|Any CPU
		{ED3261FD-EE59-4612-9BA5-53E675765344}.Debug|Any CPU.Build.0 = Debug|Any CPU
		{ED3261FD-EE59-4612-9BA5-53E675765344}.Release|Any CPU.ActiveCfg = Release|Any CPU
		{ED3261FD-EE59-4612-9BA5-53E675765344}.Release|Any CPU.Build.0 = Release|Any CPU
		{B79C321D-B829-46DE-A2FE-EF0260672A02}.Debug|Any CPU.ActiveCfg = Debug|Any CPU
		{B79C321D-B829-46DE-A2FE-EF0260672A02}.Debug|Any CPU.Build.0 = Debug|Any CPU
		{B79C321D-B829-46DE-A2FE-EF0260672A02}.Release|Any CPU.ActiveCfg = Release|Any CPU
		{B79C321D-B829-46DE-A2FE-EF0260672A02}.Release|Any CPU.Build.0 = Release|Any CPU
	EndGlobalSection
	GlobalSection(SolutionProperties) = preSolution
		HideSolutionNode = FALSE
	EndGlobalSection
	GlobalSection(NestedProjects) = preSolution
		{F41EF4E1-63C0-4B55-B0C7-78BE3C228902} = {02EA681E-C7D8-13C7-8484-4AC65E1B71E8}
		{F148E288-4090-4A0B-810F-8C5655C5F10F} = {02EA681E-C7D8-13C7-8484-4AC65E1B71E8}
		{858E56CC-FED9-4425-87F4-54E2547C31CB} = {02EA681E-C7D8-13C7-8484-4AC65E1B71E8}
		{05ACB1C5-AD1C-4243-9502-9A363DD88010} = {F25CD2B0-64CB-490C-BAC3-E1B0759D7901}
		{ED3261FD-EE59-4612-9BA5-53E675765344} = {F25CD2B0-64CB-490C-BAC3-E1B0759D7901}
		{B79C321D-B829-46DE-A2FE-EF0260672A02} = {F25CD2B0-64CB-490C-BAC3-E1B0759D7901}
	EndGlobalSection
	GlobalSection(ExtensibilityGlobals) = postSolution
		SolutionGuid = {B9E0F1A5-077D-4A9D-B4AA-6441FB011904}
	EndGlobalSection
EndGlobal
