
Microsoft Visual Studio Solution File, Format Version 12.00
# Visual Studio Version 17
VisualStudioVersion = 17.14.36518.9
MinimumVisualStudioVersion = 10.0.40219.1
Project("{2150E333-8FDC-42A3-9474-1A3956D46DE8}") = "Task0", "Task0", "{02EA681E-C7D8-13C7-8484-4AC65E1B71E8}"
EndProject
Project("{FAE04EC0-301F-11D3-BF4B-00C04F79EFBC}") = "Tyuiu.KhisamutdinovaPR.Sprint4.Task0.V3", "Tyuiu.KhisamutdinovaPR.Sprint4.Task0.V3\Tyuiu.KhisamutdinovaPR.Sprint4.Task0.V3.csproj", "{F41EF4E1-63C0-4B55-B0C7-78BE3C228902}"
EndProject
Project("{FAE04EC0-301F-11D3-BF4B-00C04F79EFBC}") = "Tyuiu.KhisamutdinovaPR.Sprint4.Task0.V3.Test", "Tyuiu.KhisamutdinovaPR.Sprint4.Task0.V3.Test\Tyuiu.KhisamutdinovaPR.Sprint4.Task0.V3.Test.csproj", "{F148E288-4090-4A0B-810F-8C5655C5F10F}"
EndProject
Project("{FAE04EC0-301F-11D3-BF4B-00C04F79EFBC}") = "Tyuiu.KhisamutdinovaPR.Sprint4.Task0.V3.Lib", "Tyuiu.KhisamutdinovaPR.Sprint4.Task0.V3.Lib\Tyuiu.KhisamutdinovaPR.Sprint4.Task0.V3.Lib.csproj", "{858E56CC-FED9-4425-87F4-54E2547C31CB}"
EndProject
Project("{2150E333-8FDC-42A3-9474-1A3956D46DE8}") = "Task1", "Task1", "{F25CD2B0-64CB-490C-BAC3-E1B0759D7901}"
EndProject
Project("{FAE04EC0-301F-11D3-BF4B-00C04F79EFBC}") = "Tyuiu.KhisamutdinovaPR.Sprint4.Task1.V16", "Tyuiu.KhisamutdinovaPR.Sprint4.Task1.V16\Tyuiu.KhisamutdinovaPR.Sprint4.Task1.V16.csproj", "{05ACB1C5-AD1C-4243-9502-9A363DD88010}"
EndProject
Project("{FAE04EC0-301F-11D3-BF4B-00C04F79EFBC}") = "Tyuiu.KhisamutdinovaPR.Sprint4.Task1.V16.Lib", "Tyuiu.KhisamutdinovaPR.Sprint4.Task1.V16.Lib\Tyuiu.KhisamutdinovaPR.Sprint4.Task1.V16.Lib.csproj", "{ED3261FD-EE59-4612-9BA5-53E675765344}"
EndProject
Project("{FAE04EC0-301F-11D3-BF4B-00C04F79EFBC}") = "Tyuiu.KhisamutdinovaPR.Sprint4.Task1.V16.Test", "Tyuiu.KhisamutdinovaPR.Sprint4.Task1.V16.Test\Tyuiu.KhisamutdinovaPR.Sprint4.Task1.V16.Test.csproj", "{B79C321D-B829-46DE-A2FE-EF0260672A02}"
EndProject
Project("{2150E333-8FDC-42A3-9474-1A3956D46DE8}") = "Task2", "Task2", "{F3B6FDA4-D6F3-4D86-BF77-7C2FCAAAAB15}"
EndProject
Project("{FAE04EC0-301F-11D3-BF4B-00C04F79EFBC}") = "Tyuiu.KhisamutdinovaPR.Sprint4.Task2.V5", "Tyuiu.KhisamutdinovaPR.Sprint4.Task2.V5\Tyuiu.KhisamutdinovaPR.Sprint4.Task2.V5.csproj", "{F0703A65-02CB-430B-826C-6D246D2B095E}"
EndProject
Project("{FAE04EC0-301F-11D3-BF4B-00C04F79EFBC}") = "Tyuiu.KhisamutdinovaPR.Sprint4.Task2.V5.Test", "Tyuiu.KhisamutdinovaPR.Sprint4.Task2.V5.Test\Tyuiu.KhisamutdinovaPR.Sprint4.Task2.V5.Test.csproj", "{B9988F19-1340-4346-8CDF-5F359342C639}"
EndProject
Project("{FAE04EC0-301F-11D3-BF4B-00C04F79EFBC}") = "Tyuiu.KhisamutdinovaPR.Sprint4.Task2.V5.Lib", "Tyuiu.KhisamutdinovaPR.Sprint4.Task2.V5.Lib\Tyuiu.KhisamutdinovaPR.Sprint4.Task2.V5.Lib.csproj", "{B5FD4160-DA34-46BF-AB46-4E2626741987}"
EndProject
Project("{2150E333-8FDC-42A3-9474-1A3956D46DE8}") = "Task3", "Task3", "{C0847AD0-1EAC-4B49-BC65-D05BE0E15077}"
EndProject
Project("{FAE04EC0-301F-11D3-BF4B-00C04F79EFBC}") = "Tyuiu.KhisamutdinovaPR.Sprint4.Task3.V23", "Tyuiu.KhisamutdinovaPR.Sprint4.Task3.V23\Tyuiu.KhisamutdinovaPR.Sprint4.Task3.V23.csproj", "{866A58E2-389D-434A-88E3-41C5F841C8D4}"
EndProject
Project("{FAE04EC0-301F-11D3-BF4B-00C04F79EFBC}") = "Tyuiu.KhisamutdinovaPR.Sprint4.Task3.V23.Lib", "Tyuiu.KhisamutdinovaPR.Sprint4.Task3.V23.Lib\Tyuiu.KhisamutdinovaPR.Sprint4.Task3.V23.Lib.csproj", "{55437B6B-C0DE-4F1C-846D-D76399AC23BF}"
EndProject
Project("{FAE04EC0-301F-11D3-BF4B-00C04F79EFBC}") = "Tyuiu.KhisamutdinovaPR.Sprint4.Task3.V23.Test", "Tyuiu.KhisamutdinovaPR.Sprint4.Task3.V23.Test\Tyuiu.KhisamutdinovaPR.Sprint4.Task3.V23.Test.csproj", "{C337BDC5-C466-4C51-9411-B5737067068D}"
EndProject
Project("{2150E333-8FDC-42A3-9474-1A3956D46DE8}") = "Task4", "Task4", "{32E7F6A4-E054-4913-872E-1177FC9F4ADF}"
EndProject
Project("{2150E333-8FDC-42A3-9474-1A3956D46DE8}") = "Task5", "Task5", "{768214DD-0236-4EA7-AD2D-C112747C71DB}"
EndProject
Project("{2150E333-8FDC-42A3-9474-1A3956D46DE8}") = "Task6", "Task6", "{63A64735-09CC-4C72-B233-7A1B3EA658F4}"
EndProject
Project("{2150E333-8FDC-42A3-9474-1A3956D46DE8}") = "Task7", "Task7", "{0EA25DE6-0162-43E0-8D28-356A9B3596BA}"
EndProject
Project("{FAE04EC0-301F-11D3-BF4B-00C04F79EFBC}") = "Tyuiu.KhisamutdinovaPR.Sprint4.Task4.V14", "Tyuiu.KhisamutdinovaPR.Sprint4.Task4.V14\Tyuiu.KhisamutdinovaPR.Sprint4.Task4.V14.csproj", "{58BEA90E-4897-4AED-9FC0-AA14BBCBE71A}"
EndProject
Project("{FAE04EC0-301F-11D3-BF4B-00C04F79EFBC}") = "Tyuiu.KhisamutdinovaPR.Sprint4.Task4.V14.Test", "Tyuiu.KhisamutdinovaPR.Sprint4.Task4.V14.Test\Tyuiu.KhisamutdinovaPR.Sprint4.Task4.V14.Test.csproj", "{84260F71-A8B4-4579-A71B-E7B459A70B98}"
EndProject
Project("{FAE04EC0-301F-11D3-BF4B-00C04F79EFBC}") = "Tyuiu.KhisamutdinovaPR.Sprint4.Task4.V14.Lib", "Tyuiu.KhisamutdinovaPR.Sprint4.Task4.V14.Lib\Tyuiu.KhisamutdinovaPR.Sprint4.Task4.V14.Lib.csproj", "{A4903D29-B236-424F-971F-14C3CCCA20C7}"
EndProject
Global
	GlobalSection(SolutionConfigurationPlatforms) = preSolution
		Debug|Any CPU = Debug|Any CPU
		Release|Any CPU = Release|Any CPU
	EndGlobalSection
	GlobalSection(ProjectConfigurationPlatforms) = postSolution
		{F41EF4E1-63C0-4B55-B0C7-78BE3C228902}.Debug|Any CPU.ActiveCfg = Debug|Any CPU
		{F41EF4E1-63C0-4B55-B0C7-78BE3C228902}.Debug|Any CPU.Build.0 = Debug|Any CPU
		{F41EF4E1-63C0-4B55-B0C7-78BE3C228902}.Release|Any CPU.ActiveCfg = Release|Any CPU
		{F41EF4E1-63C0-4B55-B0C7-78BE3C228902}.Release|Any CPU.Build.0 = Release|Any CPU
		{F148E288-4090-4A0B-810F-8C5655C5F10F}.Debug|Any CPU.ActiveCfg = Debug|Any CPU
		{F148E288-4090-4A0B-810F-8C5655C5F10F}.Debug|Any CPU.Build.0 = Debug|Any CPU
		{F148E288-4090-4A0B-810F-8C5655C5F10F}.Release|Any CPU.ActiveCfg = Release|Any CPU
		{F148E288-4090-4A0B-810F-8C5655C5F10F}.Release|Any CPU.Build.0 = Release|Any CPU
		{858E56CC-FED9-4425-87F4-54E2547C31CB}.Debug|Any CPU.ActiveCfg = Debug|Any CPU
		{858E56CC-FED9-4425-87F4-54E2547C31CB}.Debug|Any CPU.Build.0 = Debug|Any CPU
		{858E56CC-FED9-4425-87F4-54E2547C31CB}.Release|Any CPU.ActiveCfg = Release|Any CPU
		{858E56CC-FED9-4425-87F4-54E2547C31CB}.Release|Any CPU.Build.0 = Release|Any CPU
		{05ACB1C5-AD1C-4243-9502-9A363DD88010}.Debug|Any CPU.ActiveCfg = Debug|Any CPU
		{05ACB1C5-AD1C-4243-9502-9A363DD88010}.Debug|Any CPU.Build.0 = Debug|Any CPU
		{05ACB1C5-AD1C-4243-9502-9A363DD88010}.Release|Any CPU.ActiveCfg = Release|Any CPU
		{05ACB1C5-AD1C-4243-9502-9A363DD88010}.Release|Any CPU.Build.0 = Release|Any CPU
		{ED3261FD-EE59-4612-9BA5-53E675765344}.Debug|Any CPU.ActiveCfg = Debug|Any CPU
		{ED3261FD-EE59-4612-9BA5-53E675765344}.Debug|Any CPU.Build.0 = Debug|Any CPU
		{ED3261FD-EE59-4612-9BA5-53E675765344}.Release|Any CPU.ActiveCfg = Release|Any CPU
		{ED3261FD-EE59-4612-9BA5-53E675765344}.Release|Any CPU.Build.0 = Release|Any CPU
		{B79C321D-B829-46DE-A2FE-EF0260672A02}.Debug|Any CPU.ActiveCfg = Debug|Any CPU
		{B79C321D-B829-46DE-A2FE-EF0260672A02}.Debug|Any CPU.Build.0 = Debug|Any CPU
		{B79C321D-B829-46DE-A2FE-EF0260672A02}.Release|Any CPU.ActiveCfg = Release|Any CPU
		{B79C321D-B829-46DE-A2FE-EF0260672A02}.Release|Any CPU.Build.0 = Release|Any CPU
		{F0703A65-02CB-430B-826C-6D246D2B095E}.Debug|Any CPU.ActiveCfg = Debug|Any CPU
		{F0703A65-02CB-430B-826C-6D246D2B095E}.Debug|Any CPU.Build.0 = Debug|Any CPU
		{F0703A65-02CB-430B-826C-6D246D2B095E}.Release|Any CPU.ActiveCfg = Release|Any CPU
		{F0703A65-02CB-430B-826C-6D246D2B095E}.Release|Any CPU.Build.0 = Release|Any CPU
		{B9988F19-1340-4346-8CDF-5F359342C639}.Debug|Any CPU.ActiveCfg = Debug|Any CPU
		{B9988F19-1340-4346-8CDF-5F359342C639}.Debug|Any CPU.Build.0 = Debug|Any CPU
		{B9988F19-1340-4346-8CDF-5F359342C639}.Release|Any CPU.ActiveCfg = Release|Any CPU
		{B9988F19-1340-4346-8CDF-5F359342C639}.Release|Any CPU.Build.0 = Release|Any CPU
		{B5FD4160-DA34-46BF-AB46-4E2626741987}.Debug|Any CPU.ActiveCfg = Debug|Any CPU
		{B5FD4160-DA34-46BF-AB46-4E2626741987}.Debug|Any CPU.Build.0 = Debug|Any CPU
		{B5FD4160-DA34-46BF-AB46-4E2626741987}.Release|Any CPU.ActiveCfg = Release|Any CPU
		{B5FD4160-DA34-46BF-AB46-4E2626741987}.Release|Any CPU.Build.0 = Release|Any CPU
		{866A58E2-389D-434A-88E3-41C5F841C8D4}.Debug|Any CPU.ActiveCfg = Debug|Any CPU
		{866A58E2-389D-434A-88E3-41C5F841C8D4}.Debug|Any CPU.Build.0 = Debug|Any CPU
		{866A58E2-389D-434A-88E3-41C5F841C8D4}.Release|Any CPU.ActiveCfg = Release|Any CPU
		{866A58E2-389D-434A-88E3-41C5F841C8D4}.Release|Any CPU.Build.0 = Release|Any CPU
		{55437B6B-C0DE-4F1C-846D-D76399AC23BF}.Debug|Any CPU.ActiveCfg = Debug|Any CPU
		{55437B6B-C0DE-4F1C-846D-D76399AC23BF}.Debug|Any CPU.Build.0 = Debug|Any CPU
		{55437B6B-C0DE-4F1C-846D-D76399AC23BF}.Release|Any CPU.ActiveCfg = Release|Any CPU
		{55437B6B-C0DE-4F1C-846D-D76399AC23BF}.Release|Any CPU.Build.0 = Release|Any CPU
		{C337BDC5-C466-4C51-9411-B5737067068D}.Debug|Any CPU.ActiveCfg = Debug|Any CPU
		{C337BDC5-C466-4C51-9411-B5737067068D}.Debug|Any CPU.Build.0 = Debug|Any CPU
		{C337BDC5-C466-4C51-9411-B5737067068D}.Release|Any CPU.ActiveCfg = Release|Any CPU
		{C337BDC5-C466-4C51-9411-B5737067068D}.Release|Any CPU.Build.0 = Release|Any CPU
		{58BEA90E-4897-4AED-9FC0-AA14BBCBE71A}.Debug|Any CPU.ActiveCfg = Debug|Any CPU
		{58BEA90E-4897-4AED-9FC0-AA14BBCBE71A}.Debug|Any CPU.Build.0 = Debug|Any CPU
		{58BEA90E-4897-4AED-9FC0-AA14BBCBE71A}.Release|Any CPU.ActiveCfg = Release|Any CPU
		{58BEA90E-4897-4AED-9FC0-AA14BBCBE71A}.Release|Any CPU.Build.0 = Release|Any CPU
		{84260F71-A8B4-4579-A71B-E7B459A70B98}.Debug|Any CPU.ActiveCfg = Debug|Any CPU
		{84260F71-A8B4-4579-A71B-E7B459A70B98}.Debug|Any CPU.Build.0 = Debug|Any CPU
		{84260F71-A8B4-4579-A71B-E7B459A70B98}.Release|Any CPU.ActiveCfg = Release|Any CPU
		{84260F71-A8B4-4579-A71B-E7B459A70B98}.Release|Any CPU.Build.0 = Release|Any CPU
		{A4903D29-B236-424F-971F-14C3CCCA20C7}.Debug|Any CPU.ActiveCfg = Debug|Any CPU
		{A4903D29-B236-424F-971F-14C3CCCA20C7}.Debug|Any CPU.Build.0 = Debug|Any CPU
		{A4903D29-B236-424F-971F-14C3CCCA20C7}.Release|Any CPU.ActiveCfg = Release|Any CPU
		{A4903D29-B236-424F-971F-14C3CCCA20C7}.Release|Any CPU.Build.0 = Release|Any CPU
	EndGlobalSection
	GlobalSection(SolutionProperties) = preSolution
		HideSolutionNode = FALSE
	EndGlobalSection
	GlobalSection(NestedProjects) = preSolution
		{F41EF4E1-63C0-4B55-B0C7-78BE3C228902} = {02EA681E-C7D8-13C7-8484-4AC65E1B71E8}
		{F148E288-4090-4A0B-810F-8C5655C5F10F} = {02EA681E-C7D8-13C7-8484-4AC65E1B71E8}
		{858E56CC-FED9-4425-87F4-54E2547C31CB} = {02EA681E-C7D8-13C7-8484-4AC65E1B71E8}
		{05ACB1C5-AD1C-4243-9502-9A363DD88010} = {F25CD2B0-64CB-490C-BAC3-E1B0759D7901}
		{ED3261FD-EE59-4612-9BA5-53E675765344} = {F25CD2B0-64CB-490C-BAC3-E1B0759D7901}
		{B79C321D-B829-46DE-A2FE-EF0260672A02} = {F25CD2B0-64CB-490C-BAC3-E1B0759D7901}
		{F0703A65-02CB-430B-826C-6D246D2B095E} = {F3B6FDA4-D6F3-4D86-BF77-7C2FCAAAAB15}
		{B9988F19-1340-4346-8CDF-5F359342C639} = {F3B6FDA4-D6F3-4D86-BF77-7C2FCAAAAB15}
		{B5FD4160-DA34-46BF-AB46-4E2626741987} = {F3B6FDA4-D6F3-4D86-BF77-7C2FCAAAAB15}
		{866A58E2-389D-434A-88E3-41C5F841C8D4} = {C0847AD0-1EAC-4B49-BC65-D05BE0E15077}
		{55437B6B-C0DE-4F1C-846D-D76399AC23BF} = {C0847AD0-1EAC-4B49-BC65-D05BE0E15077}
		{C337BDC5-C466-4C51-9411-B5737067068D} = {C0847AD0-1EAC-4B49-BC65-D05BE0E15077}
		{58BEA90E-4897-4AED-9FC0-AA14BBCBE71A} = {32E7F6A4-E054-4913-872E-1177FC9F4ADF}
		{84260F71-A8B4-4579-A71B-E7B459A70B98} = {32E7F6A4-E054-4913-872E-1177FC9F4ADF}
		{A4903D29-B236-424F-971F-14C3CCCA20C7} = {32E7F6A4-E054-4913-872E-1177FC9F4ADF}
	EndGlobalSection
	GlobalSection(ExtensibilityGlobals) = postSolution
		SolutionGuid = {B9E0F1A5-077D-4A9D-B4AA-6441FB011904}
	EndGlobalSection
EndGlobal
